<?xml version="1.0" encoding="utf-8"?>
<Project ToolsVersion="4.0" xmlns="http://schemas.microsoft.com/developer/msbuild/2003">
  <ItemGroup>
    <Filter Include="Header Files">
      <UniqueIdentifier>{93995380-89BD-4b04-88EB-625FBE52EBFB}</UniqueIdentifier>
      <Extensions>h;hpp;hxx;hm;inl;inc;xsd</Extensions>
    </Filter>
    <Filter Include="Resource Files">
      <UniqueIdentifier>{67DA6AB6-F800-4c08-8B7A-83BB121AAD01}</UniqueIdentifier>
      <Extensions>rc;ico;cur;bmp;dlg;rc2;rct;bin;rgs;gif;jpg;jpeg;jpe;resx;tiff;tif;png;wav</Extensions>
    </Filter>
    <Filter Include="Source Files">
      <UniqueIdentifier>{4FC737F1-C7A5-4376-A066-2A32D752A2FF}</UniqueIdentifier>
      <Extensions>cpp;c;cc;cxx;def;odl;idl;hpj;bat;asm;asmx;pkgdef;pkgundef;vsixmanifest</Extensions>
    </Filter>
    <Filter Include="Source Files\src">
      <UniqueIdentifier>{16455045-e3a1-4d6f-b2a3-aa876ceb8efa}</UniqueIdentifier>
    </Filter>
    <Filter Include="Source Files\ssh2">
      <UniqueIdentifier>{47b15d60-1204-4d93-b3a9-081a4f17dd48}</UniqueIdentifier>
    </Filter>
  </ItemGroup>
  <ItemGroup>
    <ClCompile Include="Guids.cpp">
      <Filter>Source Files</Filter>
    </ClCompile>
    <ClCompile Include="Module.cpp">
      <Filter>Source Files</Filter>
    </ClCompile>
    <ClCompile Include="StdAfx.cpp">
      <Filter>Source Files</Filter>
    </ClCompile>
    <ClCompile Include="src\VSProcess.cpp">
      <Filter>Source Files\src</Filter>
    </ClCompile>
    <ClCompile Include="src\SSHConfig.cpp">
      <Filter>Source Files\src</Filter>
    </ClCompile>
    <ClCompile Include="src\XTXml.cpp">
      <Filter>Source Files\src</Filter>
    </ClCompile>
    <ClCompile Include="ssh2\sftp.c">
      <Filter>Source Files\ssh2</Filter>
    </ClCompile>
    <ClCompile Include="ssh2\ssh2.c">
      <Filter>Source Files\ssh2</Filter>
    </ClCompile>
    <ClCompile Include="ssh2\zmodem.c">
      <Filter>Source Files\ssh2</Filter>
    </ClCompile>
  </ItemGroup>
  <ItemGroup>
    <ClInclude Include="CommonIncludes.h">
      <Filter>Header Files</Filter>
    </ClInclude>
    <ClInclude Include="Guids.h">
      <Filter>Header Files</Filter>
    </ClInclude>
    <ClInclude Include="Package.h">
      <Filter>Header Files</Filter>
    </ClInclude>
    <ClInclude Include="Resource.h">
      <Filter>Header Files</Filter>
    </ClInclude>
    <ClInclude Include="StdAfx.h">
      <Filter>Header Files</Filter>
    </ClInclude>
    <ClInclude Include="src\VSProcess.h">
      <Filter>Source Files\src</Filter>
    </ClInclude>
    <ClInclude Include="src\SSHConfig.h">
      <Filter>Source Files\src</Filter>
    </ClInclude>
    <ClInclude Include="src\XTXml.h">
      <Filter>Source Files\src</Filter>
    </ClInclude>
    <ClInclude Include="ssh2\sftp.h">
      <Filter>Source Files\ssh2</Filter>
    </ClInclude>
    <ClInclude Include="ssh2\ssh2.h">
      <Filter>Source Files\ssh2</Filter>
    </ClInclude>
    <ClInclude Include="ssh2\zmodem.h">
      <Filter>Source Files\ssh2</Filter>
    </ClInclude>
  </ItemGroup>
  <ItemGroup>
    <Midl Include="VSSFTP.idl">
      <Filter>Source Files</Filter>
    </Midl>
  </ItemGroup>
  <ItemGroup>
    <ResourceCompile Include="VSSFTP.rc">
      <Filter>Resource Files</Filter>
    </ResourceCompile>
  </ItemGroup>
  <ItemGroup>
    <None Include="VSSFTP.def">
      <Filter>Source Files</Filter>
    </None>
  </ItemGroup>
  <ItemGroup>
    <PkgdefFile Include="VSSFTP.pkgdef">
      <Filter>Source Files</Filter>
    </PkgdefFile>
  </ItemGroup>
</Project>